// !$*UTF8*$!
{
	archiveVersion = 1;
	classes = {
	};
	objectVersion = 50;
	objects = {

/* Begin PBXBuildFile section */
		423014F6233E4D3E00F94B1C /* TestCounterEntity.swift in Sources */ = {isa = PBXBuildFile; fileRef = 423014F5233E4D3E00F94B1C /* TestCounterEntity.swift */; };
		423014F8233E4D7500F94B1C /* CoreDataTestCase.swift in Sources */ = {isa = PBXBuildFile; fileRef = 423014F7233E4D7500F94B1C /* CoreDataTestCase.swift */; };
		423014F9233E51CD00F94B1C /* counter.xcdatamodeld in Sources */ = {isa = PBXBuildFile; fileRef = 424D74E4233E3F680051CAB3 /* counter.xcdatamodeld */; };
		423014FA233E51CF00F94B1C /* counter.xcdatamodeld in Sources */ = {isa = PBXBuildFile; fileRef = 424D74E4233E3F680051CAB3 /* counter.xcdatamodeld */; };
		423014FD233E5C7C00F94B1C /* CounterEntity.swift in Sources */ = {isa = PBXBuildFile; fileRef = 423014FC233E5C7C00F94B1C /* CounterEntity.swift */; };
		423014FF233E615100F94B1C /* CounterModel.swift in Sources */ = {isa = PBXBuildFile; fileRef = 423014FE233E615100F94B1C /* CounterModel.swift */; };
		42301501233E686B00F94B1C /* TestCounterModel.swift in Sources */ = {isa = PBXBuildFile; fileRef = 42301500233E686B00F94B1C /* TestCounterModel.swift */; };
		424D74E1233E3F680051CAB3 /* AppDelegate.swift in Sources */ = {isa = PBXBuildFile; fileRef = 424D74E0233E3F680051CAB3 /* AppDelegate.swift */; };
		424D74E3233E3F680051CAB3 /* SceneDelegate.swift in Sources */ = {isa = PBXBuildFile; fileRef = 424D74E2233E3F680051CAB3 /* SceneDelegate.swift */; };
		424D74E6233E3F680051CAB3 /* counter.xcdatamodeld in Sources */ = {isa = PBXBuildFile; fileRef = 424D74E4233E3F680051CAB3 /* counter.xcdatamodeld */; };
		424D74E8233E3F680051CAB3 /* ContentView.swift in Sources */ = {isa = PBXBuildFile; fileRef = 424D74E7233E3F680051CAB3 /* ContentView.swift */; };
		424D74EA233E3F6A0051CAB3 /* Assets.xcassets in Resources */ = {isa = PBXBuildFile; fileRef = 424D74E9233E3F6A0051CAB3 /* Assets.xcassets */; };
		424D74ED233E3F6A0051CAB3 /* Preview Assets.xcassets in Resources */ = {isa = PBXBuildFile; fileRef = 424D74EC233E3F6A0051CAB3 /* Preview Assets.xcassets */; };
		424D74F0233E3F6A0051CAB3 /* LaunchScreen.storyboard in Resources */ = {isa = PBXBuildFile; fileRef = 424D74EE233E3F6A0051CAB3 /* LaunchScreen.storyboard */; };
		424D7506233E3F6A0051CAB3 /* counterUITests.swift in Sources */ = {isa = PBXBuildFile; fileRef = 424D7505233E3F6A0051CAB3 /* counterUITests.swift */; };
		424D7515233E418A0051CAB3 /* CountersScene.swift in Sources */ = {isa = PBXBuildFile; fileRef = 424D7514233E418A0051CAB3 /* CountersScene.swift */; };
		424D7518233E42590051CAB3 /* CounterCell.swift in Sources */ = {isa = PBXBuildFile; fileRef = 424D7517233E42590051CAB3 /* CounterCell.swift */; };
		42906ECE234B86270026816A /* VMTestCounterDetail.swift in Sources */ = {isa = PBXBuildFile; fileRef = 42906ECD234B86270026816A /* VMTestCounterDetail.swift */; };
		4299009F2341BD72009FADDD /* CounterDetail.swift in Sources */ = {isa = PBXBuildFile; fileRef = 4299009E2341BD72009FADDD /* CounterDetail.swift */; };
		429900A52341CF94009FADDD /* TickEntity.swift in Sources */ = {isa = PBXBuildFile; fileRef = 429900A42341CF94009FADDD /* TickEntity.swift */; };
		429900A723422C61009FADDD /* CounterManager.swift in Sources */ = {isa = PBXBuildFile; fileRef = 429900A623422C61009FADDD /* CounterManager.swift */; };
		429900A9234230D1009FADDD /* Context.swift in Sources */ = {isa = PBXBuildFile; fileRef = 429900A8234230D1009FADDD /* Context.swift */; };
		429900AB234238D6009FADDD /* TickManager.swift in Sources */ = {isa = PBXBuildFile; fileRef = 429900AA234238D6009FADDD /* TickManager.swift */; };
		42B196A123400F0D00BEC46C /* VMTestCounterCell.swift in Sources */ = {isa = PBXBuildFile; fileRef = 42B196A023400F0D00BEC46C /* VMTestCounterCell.swift */; };
/* End PBXBuildFile section */

/* Begin PBXContainerItemProxy section */
		424D74F7233E3F6A0051CAB3 /* PBXContainerItemProxy */ = {
			isa = PBXContainerItemProxy;
			containerPortal = 424D74D5233E3F680051CAB3 /* Project object */;
			proxyType = 1;
			remoteGlobalIDString = 424D74DC233E3F680051CAB3;
			remoteInfo = counter;
		};
		424D7502233E3F6A0051CAB3 /* PBXContainerItemProxy */ = {
			isa = PBXContainerItemProxy;
			containerPortal = 424D74D5233E3F680051CAB3 /* Project object */;
			proxyType = 1;
			remoteGlobalIDString = 424D74DC233E3F680051CAB3;
			remoteInfo = counter;
		};
/* End PBXContainerItemProxy section */

/* Begin PBXFileReference section */
		423014F5233E4D3E00F94B1C /* TestCounterEntity.swift */ = {isa = PBXFileReference; lastKnownFileType = sourcecode.swift; path = TestCounterEntity.swift; sourceTree = "<group>"; };
		423014F7233E4D7500F94B1C /* CoreDataTestCase.swift */ = {isa = PBXFileReference; lastKnownFileType = sourcecode.swift; path = CoreDataTestCase.swift; sourceTree = "<group>"; };
		423014FC233E5C7C00F94B1C /* CounterEntity.swift */ = {isa = PBXFileReference; lastKnownFileType = sourcecode.swift; path = CounterEntity.swift; sourceTree = "<group>"; };
		423014FE233E615100F94B1C /* CounterModel.swift */ = {isa = PBXFileReference; lastKnownFileType = sourcecode.swift; path = CounterModel.swift; sourceTree = "<group>"; };
		42301500233E686B00F94B1C /* TestCounterModel.swift */ = {isa = PBXFileReference; lastKnownFileType = sourcecode.swift; path = TestCounterModel.swift; sourceTree = "<group>"; };
		424D74DD233E3F680051CAB3 /* counter.app */ = {isa = PBXFileReference; explicitFileType = wrapper.application; includeInIndex = 0; path = counter.app; sourceTree = BUILT_PRODUCTS_DIR; };
		424D74E0233E3F680051CAB3 /* AppDelegate.swift */ = {isa = PBXFileReference; lastKnownFileType = sourcecode.swift; path = AppDelegate.swift; sourceTree = "<group>"; };
		424D74E2233E3F680051CAB3 /* SceneDelegate.swift */ = {isa = PBXFileReference; lastKnownFileType = sourcecode.swift; path = SceneDelegate.swift; sourceTree = "<group>"; };
		424D74E5233E3F680051CAB3 /* counter.xcdatamodel */ = {isa = PBXFileReference; lastKnownFileType = wrapper.xcdatamodel; path = counter.xcdatamodel; sourceTree = "<group>"; };
		424D74E7233E3F680051CAB3 /* ContentView.swift */ = {isa = PBXFileReference; lastKnownFileType = sourcecode.swift; path = ContentView.swift; sourceTree = "<group>"; };
		424D74E9233E3F6A0051CAB3 /* Assets.xcassets */ = {isa = PBXFileReference; lastKnownFileType = folder.assetcatalog; path = Assets.xcassets; sourceTree = "<group>"; };
		424D74EC233E3F6A0051CAB3 /* Preview Assets.xcassets */ = {isa = PBXFileReference; lastKnownFileType = folder.assetcatalog; path = "Preview Assets.xcassets"; sourceTree = "<group>"; };
		424D74EF233E3F6A0051CAB3 /* Base */ = {isa = PBXFileReference; lastKnownFileType = file.storyboard; name = Base; path = Base.lproj/LaunchScreen.storyboard; sourceTree = "<group>"; };
		424D74F1233E3F6A0051CAB3 /* Info.plist */ = {isa = PBXFileReference; lastKnownFileType = text.plist.xml; path = Info.plist; sourceTree = "<group>"; };
		424D74F6233E3F6A0051CAB3 /* counterTests.xctest */ = {isa = PBXFileReference; explicitFileType = wrapper.cfbundle; includeInIndex = 0; path = counterTests.xctest; sourceTree = BUILT_PRODUCTS_DIR; };
		424D74FC233E3F6A0051CAB3 /* Info.plist */ = {isa = PBXFileReference; lastKnownFileType = text.plist.xml; path = Info.plist; sourceTree = "<group>"; };
		424D7501233E3F6A0051CAB3 /* counterUITests.xctest */ = {isa = PBXFileReference; explicitFileType = wrapper.cfbundle; includeInIndex = 0; path = counterUITests.xctest; sourceTree = BUILT_PRODUCTS_DIR; };
		424D7505233E3F6A0051CAB3 /* counterUITests.swift */ = {isa = PBXFileReference; lastKnownFileType = sourcecode.swift; path = counterUITests.swift; sourceTree = "<group>"; };
		424D7507233E3F6A0051CAB3 /* Info.plist */ = {isa = PBXFileReference; lastKnownFileType = text.plist.xml; path = Info.plist; sourceTree = "<group>"; };
		424D7514233E418A0051CAB3 /* CountersScene.swift */ = {isa = PBXFileReference; lastKnownFileType = sourcecode.swift; path = CountersScene.swift; sourceTree = "<group>"; };
		424D7517233E42590051CAB3 /* CounterCell.swift */ = {isa = PBXFileReference; lastKnownFileType = sourcecode.swift; path = CounterCell.swift; sourceTree = "<group>"; };
		42906ECD234B86270026816A /* VMTestCounterDetail.swift */ = {isa = PBXFileReference; lastKnownFileType = sourcecode.swift; path = VMTestCounterDetail.swift; sourceTree = "<group>"; };
		4299009E2341BD72009FADDD /* CounterDetail.swift */ = {isa = PBXFileReference; lastKnownFileType = sourcecode.swift; path = CounterDetail.swift; sourceTree = "<group>"; };
		429900A42341CF94009FADDD /* TickEntity.swift */ = {isa = PBXFileReference; lastKnownFileType = sourcecode.swift; path = TickEntity.swift; sourceTree = "<group>"; };
		429900A623422C61009FADDD /* CounterManager.swift */ = {isa = PBXFileReference; lastKnownFileType = sourcecode.swift; path = CounterManager.swift; sourceTree = "<group>"; };
		429900A8234230D1009FADDD /* Context.swift */ = {isa = PBXFileReference; lastKnownFileType = sourcecode.swift; path = Context.swift; sourceTree = "<group>"; };
		429900AA234238D6009FADDD /* TickManager.swift */ = {isa = PBXFileReference; lastKnownFileType = sourcecode.swift; path = TickManager.swift; sourceTree = "<group>"; };
		42B196A023400F0D00BEC46C /* VMTestCounterCell.swift */ = {isa = PBXFileReference; lastKnownFileType = sourcecode.swift; path = VMTestCounterCell.swift; sourceTree = "<group>"; };
/* End PBXFileReference section */

/* Begin PBXFrameworksBuildPhase section */
		424D74DA233E3F680051CAB3 /* Frameworks */ = {
			isa = PBXFrameworksBuildPhase;
			buildActionMask = 2147483647;
			files = (
			);
			runOnlyForDeploymentPostprocessing = 0;
		};
		424D74F3233E3F6A0051CAB3 /* Frameworks */ = {
			isa = PBXFrameworksBuildPhase;
			buildActionMask = 2147483647;
			files = (
			);
			runOnlyForDeploymentPostprocessing = 0;
		};
		424D74FE233E3F6A0051CAB3 /* Frameworks */ = {
			isa = PBXFrameworksBuildPhase;
			buildActionMask = 2147483647;
			files = (
			);
			runOnlyForDeploymentPostprocessing = 0;
		};
/* End PBXFrameworksBuildPhase section */

/* Begin PBXGroup section */
		423014FB233E5C6E00F94B1C /* data */ = {
			isa = PBXGroup;
			children = (
				423014FC233E5C7C00F94B1C /* CounterEntity.swift */,
				429900A42341CF94009FADDD /* TickEntity.swift */,
				423014FE233E615100F94B1C /* CounterModel.swift */,
				429900A623422C61009FADDD /* CounterManager.swift */,
				429900AA234238D6009FADDD /* TickManager.swift */,
			);
			path = data;
			sourceTree = "<group>";
		};
		424D74D4233E3F680051CAB3 = {
			isa = PBXGroup;
			children = (
				424D74DF233E3F680051CAB3 /* counter */,
				424D74F9233E3F6A0051CAB3 /* counterTests */,
				424D7504233E3F6A0051CAB3 /* counterUITests */,
				424D74DE233E3F680051CAB3 /* Products */,
			);
			sourceTree = "<group>";
		};
		424D74DE233E3F680051CAB3 /* Products */ = {
			isa = PBXGroup;
			children = (
				424D74DD233E3F680051CAB3 /* counter.app */,
				424D74F6233E3F6A0051CAB3 /* counterTests.xctest */,
				424D7501233E3F6A0051CAB3 /* counterUITests.xctest */,
			);
			name = Products;
			sourceTree = "<group>";
		};
		424D74DF233E3F680051CAB3 /* counter */ = {
			isa = PBXGroup;
			children = (
				423014FB233E5C6E00F94B1C /* data */,
				424D7513233E414C0051CAB3 /* scenes */,
				424D74E0233E3F680051CAB3 /* AppDelegate.swift */,
				424D74E2233E3F680051CAB3 /* SceneDelegate.swift */,
				424D74E7233E3F680051CAB3 /* ContentView.swift */,
				424D74E9233E3F6A0051CAB3 /* Assets.xcassets */,
				424D74EE233E3F6A0051CAB3 /* LaunchScreen.storyboard */,
				424D74F1233E3F6A0051CAB3 /* Info.plist */,
				424D74E4233E3F680051CAB3 /* counter.xcdatamodeld */,
				424D74EB233E3F6A0051CAB3 /* Preview Content */,
				429900A8234230D1009FADDD /* Context.swift */,
			);
			path = counter;
			sourceTree = "<group>";
		};
		424D74EB233E3F6A0051CAB3 /* Preview Content */ = {
			isa = PBXGroup;
			children = (
				424D74EC233E3F6A0051CAB3 /* Preview Assets.xcassets */,
			);
			path = "Preview Content";
			sourceTree = "<group>";
		};
		424D74F9233E3F6A0051CAB3 /* counterTests */ = {
			isa = PBXGroup;
			children = (
				42B196A523412B4A00BEC46C /* Util */,
				42B196A223412B1100BEC46C /* EntityTests */,
				42B196A323412B1E00BEC46C /* ModelTests */,
				42B196A423412B2500BEC46C /* VMTests */,
				424D74FC233E3F6A0051CAB3 /* Info.plist */,
			);
			path = counterTests;
			sourceTree = "<group>";
		};
		424D7504233E3F6A0051CAB3 /* counterUITests */ = {
			isa = PBXGroup;
			children = (
				424D7505233E3F6A0051CAB3 /* counterUITests.swift */,
				424D7507233E3F6A0051CAB3 /* Info.plist */,
			);
			path = counterUITests;
			sourceTree = "<group>";
		};
		424D7513233E414C0051CAB3 /* scenes */ = {
			isa = PBXGroup;
			children = (
				4299009D2341BD5B009FADDD /* counterDetail */,
				424D7519233E4AD50051CAB3 /* counters */,
			);
			path = scenes;
			sourceTree = "<group>";
		};
		424D7516233E42480051CAB3 /* _ */ = {
			isa = PBXGroup;
			children = (
				424D7517233E42590051CAB3 /* CounterCell.swift */,
			);
			path = _;
			sourceTree = "<group>";
		};
		424D7519233E4AD50051CAB3 /* counters */ = {
			isa = PBXGroup;
			children = (
				424D7516233E42480051CAB3 /* _ */,
				424D7514233E418A0051CAB3 /* CountersScene.swift */,
			);
			path = counters;
			sourceTree = "<group>";
		};
		4299009D2341BD5B009FADDD /* counterDetail */ = {
			isa = PBXGroup;
			children = (
				4299009E2341BD72009FADDD /* CounterDetail.swift */,
			);
			path = counterDetail;
			sourceTree = "<group>";
		};
		42B196A223412B1100BEC46C /* EntityTests */ = {
			isa = PBXGroup;
			children = (
				423014F5233E4D3E00F94B1C /* TestCounterEntity.swift */,
			);
			name = EntityTests;
			sourceTree = "<group>";
		};
		42B196A323412B1E00BEC46C /* ModelTests */ = {
			isa = PBXGroup;
			children = (
				42301500233E686B00F94B1C /* TestCounterModel.swift */,
			);
			path = ModelTests;
			sourceTree = "<group>";
		};
		42B196A423412B2500BEC46C /* VMTests */ = {
			isa = PBXGroup;
			children = (
				42B196A023400F0D00BEC46C /* VMTestCounterCell.swift */,
				42906ECD234B86270026816A /* VMTestCounterDetail.swift */,
			);
			name = VMTests;
			sourceTree = "<group>";
		};
		42B196A523412B4A00BEC46C /* Util */ = {
			isa = PBXGroup;
			children = (
				423014F7233E4D7500F94B1C /* CoreDataTestCase.swift */,
			);
			name = Util;
			sourceTree = "<group>";
		};
/* End PBXGroup section */

/* Begin PBXNativeTarget section */
		424D74DC233E3F680051CAB3 /* counter */ = {
			isa = PBXNativeTarget;
			buildConfigurationList = 424D750A233E3F6A0051CAB3 /* Build configuration list for PBXNativeTarget "counter" */;
			buildPhases = (
				424D74D9233E3F680051CAB3 /* Sources */,
				424D74DA233E3F680051CAB3 /* Frameworks */,
				424D74DB233E3F680051CAB3 /* Resources */,
			);
			buildRules = (
			);
			dependencies = (
			);
			name = counter;
			productName = counter;
			productReference = 424D74DD233E3F680051CAB3 /* counter.app */;
			productType = "com.apple.product-type.application";
		};
		424D74F5233E3F6A0051CAB3 /* counterTests */ = {
			isa = PBXNativeTarget;
			buildConfigurationList = 424D750D233E3F6A0051CAB3 /* Build configuration list for PBXNativeTarget "counterTests" */;
			buildPhases = (
				424D74F2233E3F6A0051CAB3 /* Sources */,
				424D74F3233E3F6A0051CAB3 /* Frameworks */,
				424D74F4233E3F6A0051CAB3 /* Resources */,
			);
			buildRules = (
			);
			dependencies = (
				424D74F8233E3F6A0051CAB3 /* PBXTargetDependency */,
			);
			name = counterTests;
			productName = counterTests;
			productReference = 424D74F6233E3F6A0051CAB3 /* counterTests.xctest */;
			productType = "com.apple.product-type.bundle.unit-test";
		};
		424D7500233E3F6A0051CAB3 /* counterUITests */ = {
			isa = PBXNativeTarget;
			buildConfigurationList = 424D7510233E3F6A0051CAB3 /* Build configuration list for PBXNativeTarget "counterUITests" */;
			buildPhases = (
				424D74FD233E3F6A0051CAB3 /* Sources */,
				424D74FE233E3F6A0051CAB3 /* Frameworks */,
				424D74FF233E3F6A0051CAB3 /* Resources */,
			);
			buildRules = (
			);
			dependencies = (
				424D7503233E3F6A0051CAB3 /* PBXTargetDependency */,
			);
			name = counterUITests;
			productName = counterUITests;
			productReference = 424D7501233E3F6A0051CAB3 /* counterUITests.xctest */;
			productType = "com.apple.product-type.bundle.ui-testing";
		};
/* End PBXNativeTarget section */

/* Begin PBXProject section */
		424D74D5233E3F680051CAB3 /* Project object */ = {
			isa = PBXProject;
			attributes = {
				LastSwiftUpdateCheck = 1100;
				LastUpgradeCheck = 1100;
				ORGANIZATIONNAME = "Kyle Poole";
				TargetAttributes = {
					424D74DC233E3F680051CAB3 = {
						CreatedOnToolsVersion = 11.0;
					};
					424D74F5233E3F6A0051CAB3 = {
						CreatedOnToolsVersion = 11.0;
						TestTargetID = 424D74DC233E3F680051CAB3;
					};
					424D7500233E3F6A0051CAB3 = {
						CreatedOnToolsVersion = 11.0;
						TestTargetID = 424D74DC233E3F680051CAB3;
					};
				};
			};
			buildConfigurationList = 424D74D8233E3F680051CAB3 /* Build configuration list for PBXProject "counter" */;
			compatibilityVersion = "Xcode 9.3";
			developmentRegion = en;
			hasScannedForEncodings = 0;
			knownRegions = (
				en,
				Base,
			);
			mainGroup = 424D74D4233E3F680051CAB3;
			productRefGroup = 424D74DE233E3F680051CAB3 /* Products */;
			projectDirPath = "";
			projectRoot = "";
			targets = (
				424D74DC233E3F680051CAB3 /* counter */,
				424D74F5233E3F6A0051CAB3 /* counterTests */,
				424D7500233E3F6A0051CAB3 /* counterUITests */,
			);
		};
/* End PBXProject section */

/* Begin PBXResourcesBuildPhase section */
		424D74DB233E3F680051CAB3 /* Resources */ = {
			isa = PBXResourcesBuildPhase;
			buildActionMask = 2147483647;
			files = (
				424D74F0233E3F6A0051CAB3 /* LaunchScreen.storyboard in Resources */,
				424D74ED233E3F6A0051CAB3 /* Preview Assets.xcassets in Resources */,
				424D74EA233E3F6A0051CAB3 /* Assets.xcassets in Resources */,
			);
			runOnlyForDeploymentPostprocessing = 0;
		};
		424D74F4233E3F6A0051CAB3 /* Resources */ = {
			isa = PBXResourcesBuildPhase;
			buildActionMask = 2147483647;
			files = (
			);
			runOnlyForDeploymentPostprocessing = 0;
		};
		424D74FF233E3F6A0051CAB3 /* Resources */ = {
			isa = PBXResourcesBuildPhase;
			buildActionMask = 2147483647;
			files = (
			);
			runOnlyForDeploymentPostprocessing = 0;
		};
/* End PBXResourcesBuildPhase section */

/* Begin PBXSourcesBuildPhase section */
		424D74D9233E3F680051CAB3 /* Sources */ = {
			isa = PBXSourcesBuildPhase;
			buildActionMask = 2147483647;
			files = (
				424D7518233E42590051CAB3 /* CounterCell.swift in Sources */,
				429900A52341CF94009FADDD /* TickEntity.swift in Sources */,
				424D74E1233E3F680051CAB3 /* AppDelegate.swift in Sources */,
				424D7515233E418A0051CAB3 /* CountersScene.swift in Sources */,
				4299009F2341BD72009FADDD /* CounterDetail.swift in Sources */,
				429900A723422C61009FADDD /* CounterManager.swift in Sources */,
				424D74E3233E3F680051CAB3 /* SceneDelegate.swift in Sources */,
				429900AB234238D6009FADDD /* TickManager.swift in Sources */,
				423014FD233E5C7C00F94B1C /* CounterEntity.swift in Sources */,
				424D74E8233E3F680051CAB3 /* ContentView.swift in Sources */,
				429900A9234230D1009FADDD /* Context.swift in Sources */,
				423014FF233E615100F94B1C /* CounterModel.swift in Sources */,
				424D74E6233E3F680051CAB3 /* counter.xcdatamodeld in Sources */,
			);
			runOnlyForDeploymentPostprocessing = 0;
		};
		424D74F2233E3F6A0051CAB3 /* Sources */ = {
			isa = PBXSourcesBuildPhase;
			buildActionMask = 2147483647;
			files = (
				423014F8233E4D7500F94B1C /* CoreDataTestCase.swift in Sources */,
				423014F6233E4D3E00F94B1C /* TestCounterEntity.swift in Sources */,
				42301501233E686B00F94B1C /* TestCounterModel.swift in Sources */,
				423014F9233E51CD00F94B1C /* counter.xcdatamodeld in Sources */,
				42906ECE234B86270026816A /* VMTestCounterDetail.swift in Sources */,
				42B196A123400F0D00BEC46C /* VMTestCounterCell.swift in Sources */,
			);
			runOnlyForDeploymentPostprocessing = 0;
		};
		424D74FD233E3F6A0051CAB3 /* Sources */ = {
			isa = PBXSourcesBuildPhase;
			buildActionMask = 2147483647;
			files = (
				423014FA233E51CF00F94B1C /* counter.xcdatamodeld in Sources */,
				424D7506233E3F6A0051CAB3 /* counterUITests.swift in Sources */,
			);
			runOnlyForDeploymentPostprocessing = 0;
		};
/* End PBXSourcesBuildPhase section */

/* Begin PBXTargetDependency section */
		424D74F8233E3F6A0051CAB3 /* PBXTargetDependency */ = {
			isa = PBXTargetDependency;
			target = 424D74DC233E3F680051CAB3 /* counter */;
			targetProxy = 424D74F7233E3F6A0051CAB3 /* PBXContainerItemProxy */;
		};
		424D7503233E3F6A0051CAB3 /* PBXTargetDependency */ = {
			isa = PBXTargetDependency;
			target = 424D74DC233E3F680051CAB3 /* counter */;
			targetProxy = 424D7502233E3F6A0051CAB3 /* PBXContainerItemProxy */;
		};
/* End PBXTargetDependency section */

/* Begin PBXVariantGroup section */
		424D74EE233E3F6A0051CAB3 /* LaunchScreen.storyboard */ = {
			isa = PBXVariantGroup;
			children = (
				424D74EF233E3F6A0051CAB3 /* Base */,
			);
			name = LaunchScreen.storyboard;
			sourceTree = "<group>";
		};
/* End PBXVariantGroup section */

/* Begin XCBuildConfiguration section */
		424D7508233E3F6A0051CAB3 /* Debug */ = {
			isa = XCBuildConfiguration;
			buildSettings = {
				ALWAYS_SEARCH_USER_PATHS = NO;
				CLANG_ANALYZER_NONNULL = YES;
				CLANG_ANALYZER_NUMBER_OBJECT_CONVERSION = YES_AGGRESSIVE;
				CLANG_CXX_LANGUAGE_STANDARD = "gnu++14";
				CLANG_CXX_LIBRARY = "libc++";
				CLANG_ENABLE_MODULES = YES;
				CLANG_ENABLE_OBJC_ARC = YES;
				CLANG_ENABLE_OBJC_WEAK = YES;
				CLANG_WARN_BLOCK_CAPTURE_AUTORELEASING = YES;
				CLANG_WARN_BOOL_CONVERSION = YES;
				CLANG_WARN_COMMA = YES;
				CLANG_WARN_CONSTANT_CONVERSION = YES;
				CLANG_WARN_DEPRECATED_OBJC_IMPLEMENTATIONS = YES;
				CLANG_WARN_DIRECT_OBJC_ISA_USAGE = YES_ERROR;
				CLANG_WARN_DOCUMENTATION_COMMENTS = YES;
				CLANG_WARN_EMPTY_BODY = YES;
				CLANG_WARN_ENUM_CONVERSION = YES;
				CLANG_WARN_INFINITE_RECURSION = YES;
				CLANG_WARN_INT_CONVERSION = YES;
				CLANG_WARN_NON_LITERAL_NULL_CONVERSION = YES;
				CLANG_WARN_OBJC_IMPLICIT_RETAIN_SELF = YES;
				CLANG_WARN_OBJC_LITERAL_CONVERSION = YES;
				CLANG_WARN_OBJC_ROOT_CLASS = YES_ERROR;
				CLANG_WARN_RANGE_LOOP_ANALYSIS = YES;
				CLANG_WARN_STRICT_PROTOTYPES = YES;
				CLANG_WARN_SUSPICIOUS_MOVE = YES;
				CLANG_WARN_UNGUARDED_AVAILABILITY = YES_AGGRESSIVE;
				CLANG_WARN_UNREACHABLE_CODE = YES;
				CLANG_WARN__DUPLICATE_METHOD_MATCH = YES;
				COPY_PHASE_STRIP = NO;
				DEBUG_INFORMATION_FORMAT = dwarf;
				ENABLE_STRICT_OBJC_MSGSEND = YES;
				ENABLE_TESTABILITY = YES;
				GCC_C_LANGUAGE_STANDARD = gnu11;
				GCC_DYNAMIC_NO_PIC = NO;
				GCC_NO_COMMON_BLOCKS = YES;
				GCC_OPTIMIZATION_LEVEL = 0;
				GCC_PREPROCESSOR_DEFINITIONS = (
					"DEBUG=1",
					"$(inherited)",
				);
				GCC_WARN_64_TO_32_BIT_CONVERSION = YES;
				GCC_WARN_ABOUT_RETURN_TYPE = YES_ERROR;
				GCC_WARN_UNDECLARED_SELECTOR = YES;
				GCC_WARN_UNINITIALIZED_AUTOS = YES_AGGRESSIVE;
				GCC_WARN_UNUSED_FUNCTION = YES;
				GCC_WARN_UNUSED_VARIABLE = YES;
				IPHONEOS_DEPLOYMENT_TARGET = 13.0;
				MTL_ENABLE_DEBUG_INFO = INCLUDE_SOURCE;
				MTL_FAST_MATH = YES;
				ONLY_ACTIVE_ARCH = YES;
				SDKROOT = iphoneos;
				SWIFT_ACTIVE_COMPILATION_CONDITIONS = DEBUG;
				SWIFT_OPTIMIZATION_LEVEL = "-Onone";
			};
			name = Debug;
		};
		424D7509233E3F6A0051CAB3 /* Release */ = {
			isa = XCBuildConfiguration;
			buildSettings = {
				ALWAYS_SEARCH_USER_PATHS = NO;
				CLANG_ANALYZER_NONNULL = YES;
				CLANG_ANALYZER_NUMBER_OBJECT_CONVERSION = YES_AGGRESSIVE;
				CLANG_CXX_LANGUAGE_STANDARD = "gnu++14";
				CLANG_CXX_LIBRARY = "libc++";
				CLANG_ENABLE_MODULES = YES;
				CLANG_ENABLE_OBJC_ARC = YES;
				CLANG_ENABLE_OBJC_WEAK = YES;
				CLANG_WARN_BLOCK_CAPTURE_AUTORELEASING = YES;
				CLANG_WARN_BOOL_CONVERSION = YES;
				CLANG_WARN_COMMA = YES;
				CLANG_WARN_CONSTANT_CONVERSION = YES;
				CLANG_WARN_DEPRECATED_OBJC_IMPLEMENTATIONS = YES;
				CLANG_WARN_DIRECT_OBJC_ISA_USAGE = YES_ERROR;
				CLANG_WARN_DOCUMENTATION_COMMENTS = YES;
				CLANG_WARN_EMPTY_BODY = YES;
				CLANG_WARN_ENUM_CONVERSION = YES;
				CLANG_WARN_INFINITE_RECURSION = YES;
				CLANG_WARN_INT_CONVERSION = YES;
				CLANG_WARN_NON_LITERAL_NULL_CONVERSION = YES;
				CLANG_WARN_OBJC_IMPLICIT_RETAIN_SELF = YES;
				CLANG_WARN_OBJC_LITERAL_CONVERSION = YES;
				CLANG_WARN_OBJC_ROOT_CLASS = YES_ERROR;
				CLANG_WARN_RANGE_LOOP_ANALYSIS = YES;
				CLANG_WARN_STRICT_PROTOTYPES = YES;
				CLANG_WARN_SUSPICIOUS_MOVE = YES;
				CLANG_WARN_UNGUARDED_AVAILABILITY = YES_AGGRESSIVE;
				CLANG_WARN_UNREACHABLE_CODE = YES;
				CLANG_WARN__DUPLICATE_METHOD_MATCH = YES;
				COPY_PHASE_STRIP = NO;
				DEBUG_INFORMATION_FORMAT = "dwarf-with-dsym";
				ENABLE_NS_ASSERTIONS = NO;
				ENABLE_STRICT_OBJC_MSGSEND = YES;
				GCC_C_LANGUAGE_STANDARD = gnu11;
				GCC_NO_COMMON_BLOCKS = YES;
				GCC_WARN_64_TO_32_BIT_CONVERSION = YES;
				GCC_WARN_ABOUT_RETURN_TYPE = YES_ERROR;
				GCC_WARN_UNDECLARED_SELECTOR = YES;
				GCC_WARN_UNINITIALIZED_AUTOS = YES_AGGRESSIVE;
				GCC_WARN_UNUSED_FUNCTION = YES;
				GCC_WARN_UNUSED_VARIABLE = YES;
				IPHONEOS_DEPLOYMENT_TARGET = 13.0;
				MTL_ENABLE_DEBUG_INFO = NO;
				MTL_FAST_MATH = YES;
				SDKROOT = iphoneos;
				SWIFT_COMPILATION_MODE = wholemodule;
				SWIFT_OPTIMIZATION_LEVEL = "-O";
				VALIDATE_PRODUCT = YES;
			};
			name = Release;
		};
		424D750B233E3F6A0051CAB3 /* Debug */ = {
			isa = XCBuildConfiguration;
			buildSettings = {
				CODE_SIGN_STYLE = Automatic;
				DEVELOPMENT_ASSET_PATHS = "\"counter/Preview Content\"";
				DEVELOPMENT_TEAM = Q3KZQ38AH6;
				ENABLE_PREVIEWS = YES;
				INFOPLIST_FILE = counter/Info.plist;
				LD_RUNPATH_SEARCH_PATHS = (
					"$(inherited)",
					"@executable_path/Frameworks",
				);
				PRODUCT_BUNDLE_IDENTIFIER = com.chronstruct.counter;
				PRODUCT_NAME = "$(TARGET_NAME)";
				SWIFT_VERSION = 5.0;
				TARGETED_DEVICE_FAMILY = "1,2";
			};
			name = Debug;
		};
		424D750C233E3F6A0051CAB3 /* Release */ = {
			isa = XCBuildConfiguration;
			buildSettings = {
				CODE_SIGN_STYLE = Automatic;
				DEVELOPMENT_ASSET_PATHS = "\"counter/Preview Content\"";
				DEVELOPMENT_TEAM = Q3KZQ38AH6;
				ENABLE_PREVIEWS = YES;
				INFOPLIST_FILE = counter/Info.plist;
				LD_RUNPATH_SEARCH_PATHS = (
					"$(inherited)",
					"@executable_path/Frameworks",
				);
				PRODUCT_BUNDLE_IDENTIFIER = com.chronstruct.counter;
				PRODUCT_NAME = "$(TARGET_NAME)";
				SWIFT_VERSION = 5.0;
				TARGETED_DEVICE_FAMILY = "1,2";
			};
			name = Release;
		};
		424D750E233E3F6A0051CAB3 /* Debug */ = {
			isa = XCBuildConfiguration;
			buildSettings = {
				ALWAYS_EMBED_SWIFT_STANDARD_LIBRARIES = YES;
				BUNDLE_LOADER = "$(TEST_HOST)";
				CODE_SIGN_STYLE = Automatic;
				DEVELOPMENT_TEAM = Q3KZQ38AH6;
				INFOPLIST_FILE = counterTests/Info.plist;
				IPHONEOS_DEPLOYMENT_TARGET = 13.0;
				LD_RUNPATH_SEARCH_PATHS = (
					"$(inherited)",
					"@executable_path/Frameworks",
					"@loader_path/Frameworks",
				);
				PRODUCT_BUNDLE_IDENTIFIER = com.chronstruct.counterTests;
				PRODUCT_NAME = "$(TARGET_NAME)";
				SWIFT_VERSION = 5.0;
				TARGETED_DEVICE_FAMILY = "1,2";
				TEST_HOST = "$(BUILT_PRODUCTS_DIR)/counter.app/counter";
			};
			name = Debug;
		};
		424D750F233E3F6A0051CAB3 /* Release */ = {
			isa = XCBuildConfiguration;
			buildSettings = {
				ALWAYS_EMBED_SWIFT_STANDARD_LIBRARIES = YES;
				BUNDLE_LOADER = "$(TEST_HOST)";
				CODE_SIGN_STYLE = Automatic;
				DEVELOPMENT_TEAM = Q3KZQ38AH6;
				INFOPLIST_FILE = counterTests/Info.plist;
				IPHONEOS_DEPLOYMENT_TARGET = 13.0;
				LD_RUNPATH_SEARCH_PATHS = (
					"$(inherited)",
					"@executable_path/Frameworks",
					"@loader_path/Frameworks",
				);
				PRODUCT_BUNDLE_IDENTIFIER = com.chronstruct.counterTests;
				PRODUCT_NAME = "$(TARGET_NAME)";
				SWIFT_VERSION = 5.0;
				TARGETED_DEVICE_FAMILY = "1,2";
				TEST_HOST = "$(BUILT_PRODUCTS_DIR)/counter.app/counter";
			};
			name = Release;
		};
		424D7511233E3F6A0051CAB3 /* Debug */ = {
			isa = XCBuildConfiguration;
			buildSettings = {
				ALWAYS_EMBED_SWIFT_STANDARD_LIBRARIES = YES;
				CODE_SIGN_STYLE = Automatic;
				DEVELOPMENT_TEAM = Q3KZQ38AH6;
				INFOPLIST_FILE = counterUITests/Info.plist;
				LD_RUNPATH_SEARCH_PATHS = (
					"$(inherited)",
					"@executable_path/Frameworks",
					"@loader_path/Frameworks",
				);
				PRODUCT_BUNDLE_IDENTIFIER = com.chronstruct.counterUITests;
				PRODUCT_NAME = "$(TARGET_NAME)";
				SWIFT_VERSION = 5.0;
				TARGETED_DEVICE_FAMILY = "1,2";
				TEST_TARGET_NAME = counter;
			};
			name = Debug;
		};
		424D7512233E3F6A0051CAB3 /* Release */ = {
			isa = XCBuildConfiguration;
			buildSettings = {
				ALWAYS_EMBED_SWIFT_STANDARD_LIBRARIES = YES;
				CODE_SIGN_STYLE = Automatic;
				DEVELOPMENT_TEAM = Q3KZQ38AH6;
				INFOPLIST_FILE = counterUITests/Info.plist;
				LD_RUNPATH_SEARCH_PATHS = (
					"$(inherited)",
					"@executable_path/Frameworks",
					"@loader_path/Frameworks",
				);
				PRODUCT_BUNDLE_IDENTIFIER = com.chronstruct.counterUITests;
				PRODUCT_NAME = "$(TARGET_NAME)";
				SWIFT_VERSION = 5.0;
				TARGETED_DEVICE_FAMILY = "1,2";
				TEST_TARGET_NAME = counter;
			};
			name = Release;
		};
/* End XCBuildConfiguration section */

/* Begin XCConfigurationList section */
		424D74D8233E3F680051CAB3 /* Build configuration list for PBXProject "counter" */ = {
			isa = XCConfigurationList;
			buildConfigurations = (
				424D7508233E3F6A0051CAB3 /* Debug */,
				424D7509233E3F6A0051CAB3 /* Release */,
			);
			defaultConfigurationIsVisible = 0;
			defaultConfigurationName = Release;
		};
		424D750A233E3F6A0051CAB3 /* Build configuration list for PBXNativeTarget "counter" */ = {
			isa = XCConfigurationList;
			buildConfigurations = (
				424D750B233E3F6A0051CAB3 /* Debug */,
				424D750C233E3F6A0051CAB3 /* Release */,
			);
			defaultConfigurationIsVisible = 0;
			defaultConfigurationName = Release;
		};
		424D750D233E3F6A0051CAB3 /* Build configuration list for PBXNativeTarget "counterTests" */ = {
			isa = XCConfigurationList;
			buildConfigurations = (
				424D750E233E3F6A0051CAB3 /* Debug */,
				424D750F233E3F6A0051CAB3 /* Release */,
			);
			defaultConfigurationIsVisible = 0;
			defaultConfigurationName = Release;
		};
		424D7510233E3F6A0051CAB3 /* Build configuration list for PBXNativeTarget "counterUITests" */ = {
			isa = XCConfigurationList;
			buildConfigurations = (
				424D7511233E3F6A0051CAB3 /* Debug */,
				424D7512233E3F6A0051CAB3 /* Release */,
			);
			defaultConfigurationIsVisible = 0;
			defaultConfigurationName = Release;
		};
/* End XCConfigurationList section */

/* Begin XCVersionGroup section */
		424D74E4233E3F680051CAB3 /* counter.xcdatamodeld */ = {
			isa = XCVersionGroup;
			children = (
				424D74E5233E3F680051CAB3 /* counter.xcdatamodel */,
			);
			currentVersion = 424D74E5233E3F680051CAB3 /* counter.xcdatamodel */;
			path = counter.xcdatamodeld;
			sourceTree = "<group>";
			versionGroupType = wrapper.xcdatamodel;
		};
/* End XCVersionGroup section */
	};
	rootObject = 424D74D5233E3F680051CAB3 /* Project object */;
}
